
Microsoft Visual Studio Solution File, Format Version 12.00
# Visual Studio 15
VisualStudioVersion = 15.0.28010.2048
MinimumVisualStudioVersion = 10.0.40219.1
Project("{FAE04EC0-301F-11D3-BF4B-00C04F79EFBC}") = "KarScraper.Client", "KarScraper.Client\KarScraper.Client.csproj", "{6056171A-A52B-40ED-8DCA-1D2EA011ACC2}"
EndProject
Project("{FAE04EC0-301F-11D3-BF4B-00C04F79EFBC}") = "KarScraper.Tests", "KarScraper.Test\KarScraper.Tests.csproj", "{94D141A6-4F15-4020-B55E-164792558EB6}"
EndProject
Project("{FAE04EC0-301F-11D3-BF4B-00C04F79EFBC}") = "KarScraper.FbApi", "KarScraper.FbApi\KarScraper.FbApi.csproj", "{79A9B449-7B69-4AB9-B1BD-FA5BD4B5C1E7}"
EndProject
Project("{FAE04EC0-301F-11D3-BF4B-00C04F79EFBC}") = "KarScraper.Models", "KarScraper.Model\KarScraper.Models.csproj", "{F2418C66-D0E5-43C3-AC75-F8DE99C5735A}"
EndProject
Project("{FAE04EC0-301F-11D3-BF4B-00C04F79EFBC}") = "KarScraper.Common", "KarScraper.Common\KarScraper.Common.csproj", "{EA0DF6DE-2675-43C9-BA10-7DECD0CE0F6B}"
EndProject
Global
	GlobalSection(SolutionConfigurationPlatforms) = preSolution
		Debug|Any CPU = Debug|Any CPU
		Release|Any CPU = Release|Any CPU
	EndGlobalSection
	GlobalSection(ProjectConfigurationPlatforms) = postSolution
		{6056171A-A52B-40ED-8DCA-1D2EA011ACC2}.Debug|Any CPU.ActiveCfg = Debug|Any CPU
		{6056171A-A52B-40ED-8DCA-1D2EA011ACC2}.Debug|Any CPU.Build.0 = Debug|Any CPU
		{6056171A-A52B-40ED-8DCA-1D2EA011ACC2}.Release|Any CPU.ActiveCfg = Release|Any CPU
		{6056171A-A52B-40ED-8DCA-1D2EA011ACC2}.Release|Any CPU.Build.0 = Release|Any CPU
		{94D141A6-4F15-4020-B55E-164792558EB6}.Debug|Any CPU.ActiveCfg = Debug|Any CPU
		{94D141A6-4F15-4020-B55E-164792558EB6}.Debug|Any CPU.Build.0 = Debug|Any CPU
		{94D141A6-4F15-4020-B55E-164792558EB6}.Release|Any CPU.ActiveCfg = Release|Any CPU
		{94D141A6-4F15-4020-B55E-164792558EB6}.Release|Any CPU.Build.0 = Release|Any CPU
		{79A9B449-7B69-4AB9-B1BD-FA5BD4B5C1E7}.Debug|Any CPU.ActiveCfg = Debug|Any CPU
		{79A9B449-7B69-4AB9-B1BD-FA5BD4B5C1E7}.Debug|Any CPU.Build.0 = Debug|Any CPU
		{79A9B449-7B69-4AB9-B1BD-FA5BD4B5C1E7}.Release|Any CPU.ActiveCfg = Release|Any CPU
		{79A9B449-7B69-4AB9-B1BD-FA5BD4B5C1E7}.Release|Any CPU.Build.0 = Release|Any CPU
		{F2418C66-D0E5-43C3-AC75-F8DE99C5735A}.Debug|Any CPU.ActiveCfg = Debug|Any CPU
		{F2418C66-D0E5-43C3-AC75-F8DE99C5735A}.Debug|Any CPU.Build.0 = Debug|Any CPU
		{F2418C66-D0E5-43C3-AC75-F8DE99C5735A}.Release|Any CPU.ActiveCfg = Release|Any CPU
		{F2418C66-D0E5-43C3-AC75-F8DE99C5735A}.Release|Any CPU.Build.0 = Release|Any CPU
		{EA0DF6DE-2675-43C9-BA10-7DECD0CE0F6B}.Debug|Any CPU.ActiveCfg = Debug|Any CPU
		{EA0DF6DE-2675-43C9-BA10-7DECD0CE0F6B}.Debug|Any CPU.Build.0 = Debug|Any CPU
		{EA0DF6DE-2675-43C9-BA10-7DECD0CE0F6B}.Release|Any CPU.ActiveCfg = Release|Any CPU
		{EA0DF6DE-2675-43C9-BA10-7DECD0CE0F6B}.Release|Any CPU.Build.0 = Release|Any CPU
	EndGlobalSection
	GlobalSection(SolutionProperties) = preSolution
		HideSolutionNode = FALSE
	EndGlobalSection
	GlobalSection(ExtensibilityGlobals) = postSolution
		SolutionGuid = {79459AB3-A6BC-4CBF-923B-85DC174F3343}
	EndGlobalSection
EndGlobal
